{
  "lockfile-version": 1,
  "manifest": {
    "version": 1,
    "install": {
      "python3": {
        "pkg-path": "python3"
      }
    },
    "hook": {},
    "profile": {
      "common": "  echo \"\"\n  echo \"🌐 TRMNL Dashboard Development Environment\"\n  echo \"\"\n  echo \"To start the dev server:\"\n  echo \"  flox services start dev\"\n  echo \"\"\n  echo \"Then visit: http://localhost:8000\"\n  echo \"\"\n"
    },
    "options": {},
    "services": {
      "dev": {
        "command": "python3 fetch_recipes.py && python3 -m http.server 8000 --directory docs"
      }
    }
  },
  "packages": [
    {
      "attr_path": "python3",
      "broken": false,
      "derivation": "/nix/store/c2apilc0nk2nkhb3xyk2fkwdsv877ycd-python3-3.13.9.drv",
      "description": "High-level dynamically-typed programming language",
      "install_id": "python3",
      "license": "Python-2.0",
      "locked_url": "https://github.com/flox/nixpkgs?rev=c5ae371f1a6a7fd27823bc500d9390b38c05fa55",
      "name": "python3-3.13.9",
      "pname": "python3",
      "rev": "c5ae371f1a6a7fd27823bc500d9390b38c05fa55",
      "rev_count": 895122,
      "rev_date": "2025-11-12T20:02:36Z",
      "scrape_date": "2025-11-14T16:41:54.677099Z",
      "stabilities": [
        "staging",
        "unstable"
      ],
      "unfree": false,
      "version": "3.13.9",
      "outputs_to_install": [
        "out"
      ],
      "outputs": {
        "out": "/nix/store/hv7qldswrqvg1sjys1lmgjg875hkffng-python3-3.13.9"
      },
      "system": "aarch64-darwin",
      "group": "toplevel",
      "priority": 5
    },
    {
      "attr_path": "python3",
      "broken": false,
      "derivation": "/nix/store/crmalmp88kj8j3yin72vm4rwwjf2a7nj-python3-3.13.9.drv",
      "description": "High-level dynamically-typed programming language",
      "install_id": "python3",
      "license": "Python-2.0",
      "locked_url": "https://github.com/flox/nixpkgs?rev=c5ae371f1a6a7fd27823bc500d9390b38c05fa55",
      "name": "python3-3.13.9",
      "pname": "python3",
      "rev": "c5ae371f1a6a7fd27823bc500d9390b38c05fa55",
      "rev_count": 895122,
      "rev_date": "2025-11-12T20:02:36Z",
      "scrape_date": "2025-11-14T17:19:24.250432Z",
      "stabilities": [
        "staging",
        "unstable"
      ],
      "unfree": false,
      "version": "3.13.9",
      "outputs_to_install": [
        "out"
      ],
      "outputs": {
        "debug": "/nix/store/bi9w6x7qqgs1910idzwwd66wn1q22mxa-python3-3.13.9-debug",
        "out": "/nix/store/0g7r3dpgv4ad902bbmv9c4bxxnch6qlk-python3-3.13.9"
      },
      "system": "aarch64-linux",
      "group": "toplevel",
      "priority": 5
    },
    {
      "attr_path": "python3",
      "broken": false,
      "derivation": "/nix/store/fhscdpv0lmx2z7812pi6zd4a7fazkx2m-python3-3.13.9.drv",
      "description": "High-level dynamically-typed programming language",
      "install_id": "python3",
      "license": "Python-2.0",
      "locked_url": "https://github.com/flox/nixpkgs?rev=c5ae371f1a6a7fd27823bc500d9390b38c05fa55",
      "name": "python3-3.13.9",
      "pname": "python3",
      "rev": "c5ae371f1a6a7fd27823bc500d9390b38c05fa55",
      "rev_count": 895122,
      "rev_date": "2025-11-12T20:02:36Z",
      "scrape_date": "2025-11-14T17:52:55.456993Z",
      "stabilities": [
        "staging",
        "unstable"
      ],
      "unfree": false,
      "version": "3.13.9",
      "outputs_to_install": [
        "out"
      ],
      "outputs": {
        "out": "/nix/store/a8qf8fapk2k3b5v26fic1h5h6h88vjhq-python3-3.13.9"
      },
      "system": "x86_64-darwin",
      "group": "toplevel",
      "priority": 5
    },
    {
      "attr_path": "python3",
      "broken": false,
      "derivation": "/nix/store/r84zycm8451yjak3fl53w4zv8fgmlpvn-python3-3.13.9.drv",
      "description": "High-level dynamically-typed programming language",
      "install_id": "python3",
      "license": "Python-2.0",
      "locked_url": "https://github.com/flox/nixpkgs?rev=c5ae371f1a6a7fd27823bc500d9390b38c05fa55",
      "name": "python3-3.13.9",
      "pname": "python3",
      "rev": "c5ae371f1a6a7fd27823bc500d9390b38c05fa55",
      "rev_count": 895122,
      "rev_date": "2025-11-12T20:02:36Z",
      "scrape_date": "2025-11-14T18:32:40.024750Z",
      "stabilities": [
        "staging",
        "unstable"
      ],
      "unfree": false,
      "version": "3.13.9",
      "outputs_to_install": [
        "out"
      ],
      "outputs": {
        "debug": "/nix/store/chdb2f0y98yl8681gq8yj9i0yai6kpla-python3-3.13.9-debug",
        "out": "/nix/store/7gl4khq26h625mpqzkiiqsify3hclar1-python3-3.13.9"
      },
      "system": "x86_64-linux",
      "group": "toplevel",
      "priority": 5
    }
  ]
}
