{
  "lockfile-version": 1,
  "manifest": {
    "version": 1,
    "install": {
      "python3": {
        "pkg-path": "python3"
      }
    },
    "hook": {
      "on-activate": "  echo \"\"\n  echo \"🌐 TRMNL Dashboard Development Environment\"\n  echo \"\"\n  echo \"To start the dev server:\"\n  echo \"  flox services start dev\"\n  echo \"\"\n  echo \"Then visit: http://localhost:8000\"\n  echo \"\"\n"
    },
    "options": {},
    "services": {
      "dev": {
        "command": "python3 fetch_recipes.py && python3 -m http.server 8000 --directory docs"
      }
    }
  },
  "packages": [
    {
      "attr_path": "python3",
      "broken": false,
      "derivation": "/nix/store/4z9jv2xs4m5kjxwr153m93qxgr2j9fmz-python3-3.14.7.drv",
      "description": "High-level dynamically-typed programming language",
      "install_id": "python3",
      "license": "Python-2.0",
      "locked_url": "https://github.com/flox/nixpkgs?rev=20b1ddd1aa5ace70c9468305030aa4f9ef79671b",
      "name": "python3-3.14.7",
      "pname": "python3",
      "rev": "20b1ddd1aa5ace70c9468305030aa4f9ef79671b",
      "rev_count": 1076192,
      "rev_date": "2026-09-19T02:38:33Z",
      "scrape_date": "2026-09-20T04:58:41.251358Z",
      "stabilities": [
        "unstable"
      ],
      "unfree": false,
      "version": "3.14.7",
      "outputs_to_install": [
        "out",
        "out"
      ],
      "outputs": {
        "out": "/nix/store/4l8r0s2r5fna7src82b5fc2hixdvfyw0-python3-3.14.7"
      },
      "system": "aarch64-darwin",
      "group": "toplevel",
      "priority": 5
    },
    {
      "attr_path": "python3",
      "broken": false,
      "derivation": "/nix/store/ryvqbmsq5p5ib4a88h6bckjg5ma79b74-python3-3.14.7.drv",
      "description": "High-level dynamically-typed programming language",
      "install_id": "python3",
      "license": "Python-2.0",
      "locked_url": "https://github.com/flox/nixpkgs?rev=20b1ddd1aa5ace70c9468305030aa4f9ef79671b",
      "name": "python3-3.14.7",
      "pname": "python3",
      "rev": "20b1ddd1aa5ace70c9468305030aa4f9ef79671b",
      "rev_count": 1076192,
      "rev_date": "2026-09-19T02:38:33Z",
      "scrape_date": "2026-09-20T05:31:53.241731Z",
      "stabilities": [
        "unstable"
      ],
      "unfree": false,
      "version": "3.14.7",
      "outputs_to_install": [
        "out",
        "out",
        "out"
      ],
      "outputs": {
        "debug": "/nix/store/zvk2q8scqjggfzj45pwlhcynmm298qa1-python3-3.14.7-debug",
        "out": "/nix/store/3fl7bdkdxk2k4nssy1d1161isbzn6bsr-python3-3.14.7"
      },
      "system": "aarch64-linux",
      "group": "toplevel",
      "priority": 5
    },
    {
      "attr_path": "python3",
      "broken": false,
      "derivation": "/nix/store/a477qxskr7lac8a9ya5wdxd4263ldp4z-python3-3.14.7.drv",
      "description": "High-level dynamically-typed programming language",
      "install_id": "python3",
      "license": "Python-2.0",
      "locked_url": "https://github.com/flox/nixpkgs?rev=20b1ddd1aa5ace70c9468305030aa4f9ef79671b",
      "name": "python3-3.14.7",
      "pname": "python3",
      "rev": "20b1ddd1aa5ace70c9468305030aa4f9ef79671b",
      "rev_count": 1076192,
      "rev_date": "2026-09-19T02:38:33Z",
      "scrape_date": "2026-09-20T06:08:15.420518Z",
      "stabilities": [
        "unstable"
      ],
      "unfree": false,
      "version": "3.14.7",
      "outputs_to_install": [
        "out",
        "out",
        "out"
      ],
      "outputs": {
        "debug": "/nix/store/ys443a0qz8b8c9wb4mxc42ni49i5v63p-python3-3.14.7-debug",
        "out": "/nix/store/d64q19q1xjdwfhqx6czvrjgrhq0n3lcc-python3-3.14.7"
      },
      "system": "x86_64-linux",
      "group": "toplevel",
      "priority": 5
    }
  ]
}
